Microsoft Visual Studio Solution File, Format Version 11.00
# Visual Studio 2008

Project("{F7B0E354-B768-A2E0-9B31-AA55744EF613}") = "worship", "Assembly-CSharp.csproj", "{22274C9B-5601-71A5-08A7-86963128DC24}"
EndProject
Global
	GlobalSection(SolutionConfigurationPlatforms) = preSolution
		Debug|Any CPU = Debug|Any CPU
		Release|Any CPU = Release|Any CPU
	EndGlobalSection
	GlobalSection(ProjectConfigurationPlatforms) = postSolution
		{22274C9B-5601-71A5-08A7-86963128DC24}.Debug|Any CPU.ActiveCfg = Debug|Any CPU
		{22274C9B-5601-71A5-08A7-86963128DC24}.Debug|Any CPU.Build.0 = Debug|Any CPU
		{22274C9B-5601-71A5-08A7-86963128DC24}.Release|Any CPU.ActiveCfg = Release|Any CPU
		{22274C9B-5601-71A5-08A7-86963128DC24}.Release|Any CPU.Build.0 = Release|Any CPU
	EndGlobalSection
	GlobalSection(SolutionProperties) = preSolution
		HideSolutionNode = FALSE
	EndGlobalSection
	GlobalSection(MonoDevelopProperties) = preSolution
		StartupItem = Assembly-CSharp.csproj
	EndGlobalSection
EndGlobal
